
Microsoft Visual Studio Solution File, Format Version 12.00
# Visual Studio 15
VisualStudioVersion = 15.0.27703.2047
MinimumVisualStudioVersion = 10.0.40219.1
Project("{FAE04EC0-301F-11D3-BF4B-00C04F79EFBC}") = "HelloApp", "HelloApp\HelloApp.csproj", "{57913599-088D-45EE-86B8-58FBA98F306E}"
EndProject
Global
	GlobalSection(SolutionConfigurationPlatforms) = preSolution
		Debug|Any CPU = Debug|Any CPU
		Release|Any CPU = Release|Any CPU
	EndGlobalSection
	GlobalSection(ProjectConfigurationPlatforms) = postSolution
		{57913599-088D-45EE-86B8-58FBA98F306E}.Debug|Any CPU.ActiveCfg = Debug|Any CPU
		{57913599-088D-45EE-86B8-58FBA98F306E}.Debug|Any CPU.Build.0 = Debug|Any CPU
		{57913599-088D-45EE-86B8-58FBA98F306E}.Release|Any CPU.ActiveCfg = Release|Any CPU
		{57913599-088D-45EE-86B8-58FBA98F306E}.Release|Any CPU.Build.0 = Release|Any CPU
	EndGlobalSection
	GlobalSection(SolutionProperties) = preSolution
		HideSolutionNode = FALSE
	EndGlobalSection
	GlobalSection(ExtensibilityGlobals) = postSolution
		SolutionGuid = {8A6FFDA5-019C-4F29-8067-FD9F01AEB262}
	EndGlobalSection
EndGlobal
